<?xml version="1.0" encoding="utf-8"?>
<Project ToolsVersion="4.0" xmlns="http://schemas.microsoft.com/developer/msbuild/2003">
  <ItemGroup>
    <Filter Include="Source Files">
      <UniqueIdentifier>{4d8f2f75-1f4d-4cbd-a84a-9112ffc83b99}</UniqueIdentifier>
      <Extensions>cpp;c;cxx;rc;def;r;odl;idl;hpj;bat</Extensions>
    </Filter>
    <Filter Include="Header Files">
      <UniqueIdentifier>{75faf765-54c9-4287-8574-ee2b97162c4d}</UniqueIdentifier>
      <Extensions>h;hpp;hxx;hm;inl</Extensions>
    </Filter>
    <Filter Include="Resource Files">
      <UniqueIdentifier>{922cc45f-2178-4cf6-a03e-60ed7bcc3cff}</UniqueIdentifier>
      <Extensions>ico;cur;bmp;dlg;rc2;rct;bin;rgs;gif;jpg;jpeg;jpe</Extensions>
    </Filter>
    <Filter Include="Header Files\DataT">
      <UniqueIdentifier>{75a16373-a8d0-4e84-9a94-a52f27118325}</UniqueIdentifier>
    </Filter>
    <Filter Include="Source Files\UI">
      <UniqueIdentifier>{14cf0c0c-b314-4be7-a047-546275ccffdc}</UniqueIdentifier>
    </Filter>
    <Filter Include="Source Files\Calculation">
      <UniqueIdentifier>{6a7f2de5-2038-4734-bd8b-b81b2c35f832}</UniqueIdentifier>
    </Filter>
    <Filter Include="Source Files\Reports">
      <UniqueIdentifier>{5a77b199-af9a-4e07-9502-272acb7b66c7}</UniqueIdentifier>
    </Filter>
    <Filter Include="Source Files\Helper">
      <UniqueIdentifier>{83c553e8-cf79-4d98-832d-12a8cfeb7d09}</UniqueIdentifier>
    </Filter>
    <Filter Include="Header Files\Helper">
      <UniqueIdentifier>{ce9a82c3-359e-4b4f-9bb6-d080f8bd0ca2}</UniqueIdentifier>
    </Filter>
    <Filter Include="Header Files\UI">
      <UniqueIdentifier>{6584c470-d513-497b-bb6b-f48d9ff0ae7b}</UniqueIdentifier>
    </Filter>
  </ItemGroup>
  <ItemGroup>
    <ClCompile Include="StartingPoint.cpp">
      <Filter>Source Files</Filter>
    </ClCompile>
    <ClCompile Include="DecisionEntry.cpp">
      <Filter>Source Files\UI</Filter>
    </ClCompile>
    <ClCompile Include="ui.cpp">
      <Filter>Source Files\UI</Filter>
    </ClCompile>
    <ClCompile Include="UIHelper.cpp">
      <Filter>Source Files\UI</Filter>
    </ClCompile>
    <ClCompile Include="SetupMenu.cpp">
      <Filter>Source Files\UI</Filter>
    </ClCompile>
    <ClCompile Include="CommunityManagerMenu.cpp">
      <Filter>Source Files\UI</Filter>
    </ClCompile>
    <ClCompile Include="Reporting.cpp">
      <Filter>Source Files\Reports</Filter>
    </ClCompile>
    <ClCompile Include="ReportingB100.cpp">
      <Filter>Source Files\Reports</Filter>
    </ClCompile>
    <ClCompile Include="ReportingB200.cpp">
      <Filter>Source Files\Reports</Filter>
    </ClCompile>
    <ClCompile Include="ReportingB400.cpp">
      <Filter>Source Files\Reports</Filter>
    </ClCompile>
    <ClCompile Include="ReportingB000.cpp">
      <Filter>Source Files\Reports</Filter>
    </ClCompile>
    <ClCompile Include="ReportingB500.cpp">
      <Filter>Source Files\Reports</Filter>
    </ClCompile>
    <ClCompile Include="ReportingB260.cpp">
      <Filter>Source Files\Reports</Filter>
    </ClCompile>
    <ClCompile Include="ReportingB600.cpp">
      <Filter>Source Files\Reports</Filter>
    </ClCompile>
    <ClCompile Include="ReportingB900.cpp">
      <Filter>Source Files\Reports</Filter>
    </ClCompile>
    <ClCompile Include="DecisionForms.cpp">
      <Filter>Source Files\Reports</Filter>
    </ClCompile>
    <ClCompile Include="Economy.cpp">
      <Filter>Source Files\Calculation</Filter>
    </ClCompile>
    <ClCompile Include="Expenses.cpp">
      <Filter>Source Files\Calculation</Filter>
    </ClCompile>
    <ClCompile Include="Books.cpp">
      <Filter>Source Files\Calculation</Filter>
    </ClCompile>
    <ClCompile Include="Treasury.cpp">
      <Filter>Source Files\Calculation</Filter>
    </ClCompile>
    <ClCompile Include="Resources.cpp">
      <Filter>Source Files\Calculation</Filter>
    </ClCompile>
    <ClCompile Include="Securities.cpp">
      <Filter>Source Files\Calculation</Filter>
    </ClCompile>
    <ClCompile Include="Loans.cpp">
      <Filter>Source Files\Calculation</Filter>
    </ClCompile>
    <ClCompile Include="Stock.cpp">
      <Filter>Source Files\Calculation</Filter>
    </ClCompile>
    <ClCompile Include="Deposits.cpp">
      <Filter>Source Files\Calculation</Filter>
    </ClCompile>
    <ClCompile Include="BMSim.cpp">
      <Filter>Source Files\Calculation</Filter>
    </ClCompile>
    <ClCompile Include="BMSimHelper.cpp">
      <Filter>Source Files\Helper</Filter>
    </ClCompile>
    <ClCompile Include="FileIOHelper.cpp">
      <Filter>Source Files\Helper</Filter>
    </ClCompile>
    <ClCompile Include="OleHelpers.cpp">
      <Filter>Source Files\Helper</Filter>
    </ClCompile>
    <ClCompile Include="SimpleCalculation.cpp">
      <Filter>Source Files\Helper</Filter>
    </ClCompile>
  </ItemGroup>
  <ItemGroup>
    <ClInclude Include="StartingPoint.h">
      <Filter>Header Files</Filter>
    </ClInclude>
    <ClInclude Include="Reporting.h">
      <Filter>Header Files</Filter>
    </ClInclude>
    <ClInclude Include="GlobalDef.h">
      <Filter>Header Files</Filter>
    </ClInclude>
    <ClInclude Include="GlobalVariables.h">
      <Filter>Header Files</Filter>
    </ClInclude>
    <ClInclude Include="DecisionFormDataT.h">
      <Filter>Header Files\DataT</Filter>
    </ClInclude>
    <ClInclude Include="BMSimDataT.h">
      <Filter>Header Files\DataT</Filter>
    </ClInclude>
    <ClInclude Include="ReportingDataT.h">
      <Filter>Header Files\DataT</Filter>
    </ClInclude>
    <ClInclude Include="BMSimHelper.h">
      <Filter>Header Files\Helper</Filter>
    </ClInclude>
    <ClInclude Include="FileIOHelper.h">
      <Filter>Header Files\Helper</Filter>
    </ClInclude>
    <ClInclude Include="OleHelpers.h">
      <Filter>Header Files\Helper</Filter>
    </ClInclude>
    <ClInclude Include="UIHelper.h">
      <Filter>Header Files\Helper</Filter>
    </ClInclude>
    <ClInclude Include="SimpleCalculation.h">
      <Filter>Header Files\Helper</Filter>
    </ClInclude>
    <ClInclude Include="UI.h">
      <Filter>Header Files\UI</Filter>
    </ClInclude>
    <ClInclude Include="BMSim.h">
      <Filter>Header Files\UI</Filter>
    </ClInclude>
  </ItemGroup>
</Project>